
Microsoft Visual Studio Solution File, Format Version 12.00
# Visual Studio Version 16
VisualStudioVersion = 16.0.29123.88
MinimumVisualStudioVersion = 10.0.40219.1
Project("{FAE04EC0-301F-11D3-BF4B-00C04F79EFBC}") = "ex_StackPanel", "ex_StackPanel\ex_StackPanel.csproj", "{BAB9230A-B06A-450F-BD6F-4F062063E881}"
EndProject
Global
	GlobalSection(SolutionConfigurationPlatforms) = preSolution
		Debug|Any CPU = Debug|Any CPU
		Release|Any CPU = Release|Any CPU
	EndGlobalSection
	GlobalSection(ProjectConfigurationPlatforms) = postSolution
		{BAB9230A-B06A-450F-BD6F-4F062063E881}.Debug|Any CPU.ActiveCfg = Debug|Any CPU
		{BAB9230A-B06A-450F-BD6F-4F062063E881}.Debug|Any CPU.Build.0 = Debug|Any CPU
		{BAB9230A-B06A-450F-BD6F-4F062063E881}.Release|Any CPU.ActiveCfg = Release|Any CPU
		{BAB9230A-B06A-450F-BD6F-4F062063E881}.Release|Any CPU.Build.0 = Release|Any CPU
	EndGlobalSection
	GlobalSection(SolutionProperties) = preSolution
		HideSolutionNode = FALSE
	EndGlobalSection
	GlobalSection(ExtensibilityGlobals) = postSolution
		SolutionGuid = {F613951A-0C09-4FC8-9B9A-DFCDE59E8DCE}
	EndGlobalSection
EndGlobal
