
Microsoft Visual Studio Solution File, Format Version 12.00
# Visual Studio Version 16
VisualStudioVersion = 16.0.28803.352
MinimumVisualStudioVersion = 10.0.40219.1
Project("{FAE04EC0-301F-11D3-BF4B-00C04F79EFBC}") = "aboutClass1", "aboutClass1\aboutClass1.csproj", "{1018F74A-3807-4156-809E-8444F40871E1}"
EndProject
Global
	GlobalSection(SolutionConfigurationPlatforms) = preSolution
		Debug|Any CPU = Debug|Any CPU
		Release|Any CPU = Release|Any CPU
	EndGlobalSection
	GlobalSection(ProjectConfigurationPlatforms) = postSolution
		{1018F74A-3807-4156-809E-8444F40871E1}.Debug|Any CPU.ActiveCfg = Debug|Any CPU
		{1018F74A-3807-4156-809E-8444F40871E1}.Debug|Any CPU.Build.0 = Debug|Any CPU
		{1018F74A-3807-4156-809E-8444F40871E1}.Release|Any CPU.ActiveCfg = Release|Any CPU
		{1018F74A-3807-4156-809E-8444F40871E1}.Release|Any CPU.Build.0 = Release|Any CPU
	EndGlobalSection
	GlobalSection(SolutionProperties) = preSolution
		HideSolutionNode = FALSE
	EndGlobalSection
	GlobalSection(ExtensibilityGlobals) = postSolution
		SolutionGuid = {57FC7A2C-45A3-453A-BA22-3A98F5195F1E}
	EndGlobalSection
EndGlobal
