
Microsoft Visual Studio Solution File, Format Version 12.00
# Visual Studio Version 16
VisualStudioVersion = 16.0.29123.88
MinimumVisualStudioVersion = 10.0.40219.1
Project("{FAE04EC0-301F-11D3-BF4B-00C04F79EFBC}") = "ex_DockPanel", "ex_DockPanel\ex_DockPanel.csproj", "{1BF299D3-EFC0-4A22-991F-C92AE05C5924}"
EndProject
Global
	GlobalSection(SolutionConfigurationPlatforms) = preSolution
		Debug|Any CPU = Debug|Any CPU
		Release|Any CPU = Release|Any CPU
	EndGlobalSection
	GlobalSection(ProjectConfigurationPlatforms) = postSolution
		{1BF299D3-EFC0-4A22-991F-C92AE05C5924}.Debug|Any CPU.ActiveCfg = Debug|Any CPU
		{1BF299D3-EFC0-4A22-991F-C92AE05C5924}.Debug|Any CPU.Build.0 = Debug|Any CPU
		{1BF299D3-EFC0-4A22-991F-C92AE05C5924}.Release|Any CPU.ActiveCfg = Release|Any CPU
		{1BF299D3-EFC0-4A22-991F-C92AE05C5924}.Release|Any CPU.Build.0 = Release|Any CPU
	EndGlobalSection
	GlobalSection(SolutionProperties) = preSolution
		HideSolutionNode = FALSE
	EndGlobalSection
	GlobalSection(ExtensibilityGlobals) = postSolution
		SolutionGuid = {FD9B3264-3966-423E-859B-4F241EDB949B}
	EndGlobalSection
EndGlobal
