
Microsoft Visual Studio Solution File, Format Version 12.00
# Visual Studio Version 16
VisualStudioVersion = 16.0.28803.352
MinimumVisualStudioVersion = 10.0.40219.1
Project("{FAE04EC0-301F-11D3-BF4B-00C04F79EFBC}") = "firstApp", "firstApp\firstApp.csproj", "{3C5D8BEC-F36C-4713-9FB4-C049DCB05E94}"
EndProject
Global
	GlobalSection(SolutionConfigurationPlatforms) = preSolution
		Debug|Any CPU = Debug|Any CPU
		Release|Any CPU = Release|Any CPU
	EndGlobalSection
	GlobalSection(ProjectConfigurationPlatforms) = postSolution
		{3C5D8BEC-F36C-4713-9FB4-C049DCB05E94}.Debug|Any CPU.ActiveCfg = Debug|Any CPU
		{3C5D8BEC-F36C-4713-9FB4-C049DCB05E94}.Debug|Any CPU.Build.0 = Debug|Any CPU
		{3C5D8BEC-F36C-4713-9FB4-C049DCB05E94}.Release|Any CPU.ActiveCfg = Release|Any CPU
		{3C5D8BEC-F36C-4713-9FB4-C049DCB05E94}.Release|Any CPU.Build.0 = Release|Any CPU
	EndGlobalSection
	GlobalSection(SolutionProperties) = preSolution
		HideSolutionNode = FALSE
	EndGlobalSection
	GlobalSection(ExtensibilityGlobals) = postSolution
		SolutionGuid = {6D2BFC64-C4BA-4C6F-BA8B-84913A29822C}
	EndGlobalSection
EndGlobal
